// !$*UTF8*$!
{
	archiveVersion = 1;
	classes = {
	};
	objectVersion = 48;
	objects = {

/* Begin PBXBuildFile section */
		023BCEF72085DB3D0097E130 /* AppDelegate.swift in Sources */ = {isa = PBXBuildFile; fileRef = 023BCEF62085DB3D0097E130 /* AppDelegate.swift */; };
		023BCEF92085DB3D0097E130 /* ViewController.swift in Sources */ = {isa = PBXBuildFile; fileRef = 023BCEF82085DB3D0097E130 /* ViewController.swift */; };
		023BCEFC2085DB3D0097E130 /* Main.storyboard in Resources */ = {isa = PBXBuildFile; fileRef = 023BCEFA2085DB3D0097E130 /* Main.storyboard */; };
		023BCEFE2085DB3D0097E130 /* Assets.xcassets in Resources */ = {isa = PBXBuildFile; fileRef = 023BCEFD2085DB3D0097E130 /* Assets.xcassets */; };
		023BCF012085DB3D0097E130 /* LaunchScreen.storyboard in Resources */ = {isa = PBXBuildFile; fileRef = 023BCEFF2085DB3D0097E130 /* LaunchScreen.storyboard */; };
		0421CBB420FDC47800399614 /* MyFetchTarget.swift in Sources */ = {isa = PBXBuildFile; fileRef = 0421CBB320FDC47800399614 /* MyFetchTarget.swift */; };
		0421CBBD20FDD01700399614 /* PTFetchManager.swift in Sources */ = {isa = PBXBuildFile; fileRef = 0421CBBA20FDD01700399614 /* PTFetchManager.swift */; };
		0421CBBE20FDD01700399614 /* PTFetchModel.swift in Sources */ = {isa = PBXBuildFile; fileRef = 0421CBBB20FDD01700399614 /* PTFetchModel.swift */; };
		0421CBBF20FDD01700399614 /* PTFetchUploadData.swift in Sources */ = {isa = PBXBuildFile; fileRef = 0421CBBC20FDD01700399614 /* PTFetchUploadData.swift */; };
		FC3D481AA313671DD4D278C6 /* Pods_PT_FetchDemo.framework in Frameworks */ = {isa = PBXBuildFile; fileRef = 2B9F34D90DB296403DE663D2 /* Pods_PT_FetchDemo.framework */; };
/* End PBXBuildFile section */

/* Begin PBXFileReference section */
		023BCEF32085DB3D0097E130 /* PT-FetchDemo.app */ = {isa = PBXFileReference; explicitFileType = wrapper.application; includeInIndex = 0; path = "PT-FetchDemo.app"; sourceTree = BUILT_PRODUCTS_DIR; };
		023BCEF62085DB3D0097E130 /* AppDelegate.swift */ = {isa = PBXFileReference; lastKnownFileType = sourcecode.swift; path = AppDelegate.swift; sourceTree = "<group>"; };
		023BCEF82085DB3D0097E130 /* ViewController.swift */ = {isa = PBXFileReference; lastKnownFileType = sourcecode.swift; path = ViewController.swift; sourceTree = "<group>"; };
		023BCEFB2085DB3D0097E130 /* Base */ = {isa = PBXFileReference; lastKnownFileType = file.storyboard; name = Base; path = Base.lproj/Main.storyboard; sourceTree = "<group>"; };
		023BCEFD2085DB3D0097E130 /* Assets.xcassets */ = {isa = PBXFileReference; lastKnownFileType = folder.assetcatalog; path = Assets.xcassets; sourceTree = "<group>"; };
		023BCF002085DB3D0097E130 /* Base */ = {isa = PBXFileReference; lastKnownFileType = file.storyboard; name = Base; path = Base.lproj/LaunchScreen.storyboard; sourceTree = "<group>"; };
		023BCF022085DB3D0097E130 /* Info.plist */ = {isa = PBXFileReference; lastKnownFileType = text.plist.xml; path = Info.plist; sourceTree = "<group>"; };
		023BCF082085DB610097E130 /* zh-Hans */ = {isa = PBXFileReference; lastKnownFileType = text.plist.strings; name = "zh-Hans"; path = "zh-Hans.lproj/Main.strings"; sourceTree = "<group>"; };
		023BCF092085DB610097E130 /* zh-Hans */ = {isa = PBXFileReference; lastKnownFileType = text.plist.strings; name = "zh-Hans"; path = "zh-Hans.lproj/LaunchScreen.strings"; sourceTree = "<group>"; };
		0421CBB320FDC47800399614 /* MyFetchTarget.swift */ = {isa = PBXFileReference; lastKnownFileType = sourcecode.swift; path = MyFetchTarget.swift; sourceTree = "<group>"; };
		0421CBBA20FDD01700399614 /* PTFetchManager.swift */ = {isa = PBXFileReference; fileEncoding = 4; lastKnownFileType = sourcecode.swift; path = PTFetchManager.swift; sourceTree = "<group>"; };
		0421CBBB20FDD01700399614 /* PTFetchModel.swift */ = {isa = PBXFileReference; fileEncoding = 4; lastKnownFileType = sourcecode.swift; path = PTFetchModel.swift; sourceTree = "<group>"; };
		0421CBBC20FDD01700399614 /* PTFetchUploadData.swift */ = {isa = PBXFileReference; fileEncoding = 4; lastKnownFileType = sourcecode.swift; path = PTFetchUploadData.swift; sourceTree = "<group>"; };
		0FF1C46AC68372CD8F249152 /* Pods-PT-FetchDemo.release.xcconfig */ = {isa = PBXFileReference; includeInIndex = 1; lastKnownFileType = text.xcconfig; name = "Pods-PT-FetchDemo.release.xcconfig"; path = "Pods/Target Support Files/Pods-PT-FetchDemo/Pods-PT-FetchDemo.release.xcconfig"; sourceTree = "<group>"; };
		2B9F34D90DB296403DE663D2 /* Pods_PT_FetchDemo.framework */ = {isa = PBXFileReference; explicitFileType = wrapper.framework; includeInIndex = 0; path = Pods_PT_FetchDemo.framework; sourceTree = BUILT_PRODUCTS_DIR; };
		7990223057431AD44E10C326 /* Pods-PT-FetchDemo.debug.xcconfig */ = {isa = PBXFileReference; includeInIndex = 1; lastKnownFileType = text.xcconfig; name = "Pods-PT-FetchDemo.debug.xcconfig"; path = "Pods/Target Support Files/Pods-PT-FetchDemo/Pods-PT-FetchDemo.debug.xcconfig"; sourceTree = "<group>"; };
/* End PBXFileReference section */

/* Begin PBXFrameworksBuildPhase section */
		023BCEF02085DB3D0097E130 /* Frameworks */ = {
			isa = PBXFrameworksBuildPhase;
			buildActionMask = 2147483647;
			files = (
				FC3D481AA313671DD4D278C6 /* Pods_PT_FetchDemo.framework in Frameworks */,
			);
			runOnlyForDeploymentPostprocessing = 0;
		};
/* End PBXFrameworksBuildPhase section */

/* Begin PBXGroup section */
		023BCEEA2085DB3D0097E130 = {
			isa = PBXGroup;
			children = (
				023BCEF52085DB3D0097E130 /* PT-FetchDemo */,
				023BCEF42085DB3D0097E130 /* Products */,
				7106621B4267AF52FD669B67 /* Pods */,
				AD0E69BA3834199E7B653BCF /* Frameworks */,
			);
			sourceTree = "<group>";
		};
		023BCEF42085DB3D0097E130 /* Products */ = {
			isa = PBXGroup;
			children = (
				023BCEF32085DB3D0097E130 /* PT-FetchDemo.app */,
			);
			name = Products;
			sourceTree = "<group>";
		};
		023BCEF52085DB3D0097E130 /* PT-FetchDemo */ = {
			isa = PBXGroup;
			children = (
				0421CBB920FDD01700399614 /* PT-Fetch */,
				0421CBB320FDC47800399614 /* MyFetchTarget.swift */,
				023BCEF62085DB3D0097E130 /* AppDelegate.swift */,
				023BCEF82085DB3D0097E130 /* ViewController.swift */,
				023BCEFA2085DB3D0097E130 /* Main.storyboard */,
				023BCEFD2085DB3D0097E130 /* Assets.xcassets */,
				023BCEFF2085DB3D0097E130 /* LaunchScreen.storyboard */,
				023BCF022085DB3D0097E130 /* Info.plist */,
			);
			path = "PT-FetchDemo";
			sourceTree = "<group>";
		};
		0421CBB920FDD01700399614 /* PT-Fetch */ = {
			isa = PBXGroup;
			children = (
				0421CBBA20FDD01700399614 /* PTFetchManager.swift */,
				0421CBBB20FDD01700399614 /* PTFetchModel.swift */,
				0421CBBC20FDD01700399614 /* PTFetchUploadData.swift */,
			);
			name = "PT-Fetch";
			path = "../../PT-Fetch";
			sourceTree = "<group>";
		};
		7106621B4267AF52FD669B67 /* Pods */ = {
			isa = PBXGroup;
			children = (
				7990223057431AD44E10C326 /* Pods-PT-FetchDemo.debug.xcconfig */,
				0FF1C46AC68372CD8F249152 /* Pods-PT-FetchDemo.release.xcconfig */,
			);
			name = Pods;
			sourceTree = "<group>";
		};
		AD0E69BA3834199E7B653BCF /* Frameworks */ = {
			isa = PBXGroup;
			children = (
				2B9F34D90DB296403DE663D2 /* Pods_PT_FetchDemo.framework */,
			);
			name = Frameworks;
			sourceTree = "<group>";
		};
/* End PBXGroup section */

/* Begin PBXNativeTarget section */
		023BCEF22085DB3D0097E130 /* PT-FetchDemo */ = {
			isa = PBXNativeTarget;
			buildConfigurationList = 023BCF052085DB3D0097E130 /* Build configuration list for PBXNativeTarget "PT-FetchDemo" */;
			buildPhases = (
				8F1BAE138855E210C67D2591 /* [CP] Check Pods Manifest.lock */,
				023BCEEF2085DB3D0097E130 /* Sources */,
				023BCEF02085DB3D0097E130 /* Frameworks */,
				023BCEF12085DB3D0097E130 /* Resources */,
				E5ECF77C6814D9126495AC81 /* [CP] Embed Pods Frameworks */,
			);
			buildRules = (
			);
			dependencies = (
			);
			name = "PT-FetchDemo";
			productName = "PT-FetchDemo";
			productReference = 023BCEF32085DB3D0097E130 /* PT-FetchDemo.app */;
			productType = "com.apple.product-type.application";
		};
/* End PBXNativeTarget section */

/* Begin PBXProject section */
		023BCEEB2085DB3D0097E130 /* Project object */ = {
			isa = PBXProject;
			attributes = {
				LastSwiftUpdateCheck = 0920;
				LastUpgradeCheck = 0920;
				ORGANIZATIONNAME = Kang;
				TargetAttributes = {
					023BCEF22085DB3D0097E130 = {
						CreatedOnToolsVersion = 9.2;
						ProvisioningStyle = Automatic;
					};
				};
			};
			buildConfigurationList = 023BCEEE2085DB3D0097E130 /* Build configuration list for PBXProject "PT-FetchDemo" */;
			compatibilityVersion = "Xcode 8.0";
			developmentRegion = en;
			hasScannedForEncodings = 0;
			knownRegions = (
				en,
				Base,
			);
			mainGroup = 023BCEEA2085DB3D0097E130;
			productRefGroup = 023BCEF42085DB3D0097E130 /* Products */;
			projectDirPath = "";
			projectRoot = "";
			targets = (
				023BCEF22085DB3D0097E130 /* PT-FetchDemo */,
			);
		};
/* End PBXProject section */

/* Begin PBXResourcesBuildPhase section */
		023BCEF12085DB3D0097E130 /* Resources */ = {
			isa = PBXResourcesBuildPhase;
			buildActionMask = 2147483647;
			files = (
				023BCF012085DB3D0097E130 /* LaunchScreen.storyboard in Resources */,
				023BCEFE2085DB3D0097E130 /* Assets.xcassets in Resources */,
				023BCEFC2085DB3D0097E130 /* Main.storyboard in Resources */,
			);
			runOnlyForDeploymentPostprocessing = 0;
		};
/* End PBXResourcesBuildPhase section */

/* Begin PBXShellScriptBuildPhase section */
		8F1BAE138855E210C67D2591 /* [CP] Check Pods Manifest.lock */ = {
			isa = PBXShellScriptBuildPhase;
			buildActionMask = 2147483647;
			files = (
			);
			inputPaths = (
				"${PODS_PODFILE_DIR_PATH}/Podfile.lock",
				"${PODS_ROOT}/Manifest.lock",
			);
			name = "[CP] Check Pods Manifest.lock";
			outputPaths = (
				"$(DERIVED_FILE_DIR)/Pods-PT-FetchDemo-checkManifestLockResult.txt",
			);
			runOnlyForDeploymentPostprocessing = 0;
			shellPath = /bin/sh;
			shellScript = "diff \"${PODS_PODFILE_DIR_PATH}/Podfile.lock\" \"${PODS_ROOT}/Manifest.lock\" > /dev/null\nif [ $? != 0 ] ; then\n    # print error to STDERR\n    echo \"error: The sandbox is not in sync with the Podfile.lock. Run 'pod install' or update your CocoaPods installation.\" >&2\n    exit 1\nfi\n# This output is used by Xcode 'outputs' to avoid re-running this script phase.\necho \"SUCCESS\" > \"${SCRIPT_OUTPUT_FILE_0}\"\n";
			showEnvVarsInLog = 0;
		};
		E5ECF77C6814D9126495AC81 /* [CP] Embed Pods Frameworks */ = {
			isa = PBXShellScriptBuildPhase;
			buildActionMask = 2147483647;
			files = (
			);
			inputPaths = (
				"${SRCROOT}/Pods/Target Support Files/Pods-PT-FetchDemo/Pods-PT-FetchDemo-frameworks.sh",
				"${BUILT_PRODUCTS_DIR}/Alamofire/Alamofire.framework",
			);
			name = "[CP] Embed Pods Frameworks";
			outputPaths = (
				"${TARGET_BUILD_DIR}/${FRAMEWORKS_FOLDER_PATH}/Alamofire.framework",
			);
			runOnlyForDeploymentPostprocessing = 0;
			shellPath = /bin/sh;
			shellScript = "\"${SRCROOT}/Pods/Target Support Files/Pods-PT-FetchDemo/Pods-PT-FetchDemo-frameworks.sh\"\n";
			showEnvVarsInLog = 0;
		};
/* End PBXShellScriptBuildPhase section */

/* Begin PBXSourcesBuildPhase section */
		023BCEEF2085DB3D0097E130 /* Sources */ = {
			isa = PBXSourcesBuildPhase;
			buildActionMask = 2147483647;
			files = (
				0421CBBD20FDD01700399614 /* PTFetchManager.swift in Sources */,
				023BCEF92085DB3D0097E130 /* ViewController.swift in Sources */,
				0421CBB420FDC47800399614 /* MyFetchTarget.swift in Sources */,
				0421CBBE20FDD01700399614 /* PTFetchModel.swift in Sources */,
				023BCEF72085DB3D0097E130 /* AppDelegate.swift in Sources */,
				0421CBBF20FDD01700399614 /* PTFetchUploadData.swift in Sources */,
			);
			runOnlyForDeploymentPostprocessing = 0;
		};
/* End PBXSourcesBuildPhase section */

/* Begin PBXVariantGroup section */
		023BCEFA2085DB3D0097E130 /* Main.storyboard */ = {
			isa = PBXVariantGroup;
			children = (
				023BCEFB2085DB3D0097E130 /* Base */,
				023BCF082085DB610097E130 /* zh-Hans */,
			);
			name = Main.storyboard;
			sourceTree = "<group>";
		};
		023BCEFF2085DB3D0097E130 /* LaunchScreen.storyboard */ = {
			isa = PBXVariantGroup;
			children = (
				023BCF002085DB3D0097E130 /* Base */,
				023BCF092085DB610097E130 /* zh-Hans */,
			);
			name = LaunchScreen.storyboard;
			sourceTree = "<group>";
		};
/* End PBXVariantGroup section */

/* Begin XCBuildConfiguration section */
		023BCF032085DB3D0097E130 /* Debug */ = {
			isa = XCBuildConfiguration;
			buildSettings = {
				ALWAYS_SEARCH_USER_PATHS = NO;
				CLANG_ANALYZER_LOCALIZABILITY_NONLOCALIZED = YES;
				CLANG_ANALYZER_NONNULL = YES;
				CLANG_ANALYZER_NUMBER_OBJECT_CONVERSION = YES_AGGRESSIVE;
				CLANG_CXX_LANGUAGE_STANDARD = "gnu++14";
				CLANG_CXX_LIBRARY = "libc++";
				CLANG_ENABLE_MODULES = YES;
				CLANG_ENABLE_OBJC_ARC = YES;
				CLANG_WARN_BLOCK_CAPTURE_AUTORELEASING = YES;
				CLANG_WARN_BOOL_CONVERSION = YES;
				CLANG_WARN_COMMA = YES;
				CLANG_WARN_CONSTANT_CONVERSION = YES;
				CLANG_WARN_DIRECT_OBJC_ISA_USAGE = YES_ERROR;
				CLANG_WARN_DOCUMENTATION_COMMENTS = YES;
				CLANG_WARN_EMPTY_BODY = YES;
				CLANG_WARN_ENUM_CONVERSION = YES;
				CLANG_WARN_INFINITE_RECURSION = YES;
				CLANG_WARN_INT_CONVERSION = YES;
				CLANG_WARN_NON_LITERAL_NULL_CONVERSION = YES;
				CLANG_WARN_OBJC_LITERAL_CONVERSION = YES;
				CLANG_WARN_OBJC_ROOT_CLASS = YES_ERROR;
				CLANG_WARN_RANGE_LOOP_ANALYSIS = YES;
				CLANG_WARN_STRICT_PROTOTYPES = YES;
				CLANG_WARN_SUSPICIOUS_MOVE = YES;
				CLANG_WARN_UNGUARDED_AVAILABILITY = YES_AGGRESSIVE;
				CLANG_WARN_UNREACHABLE_CODE = YES;
				CLANG_WARN__DUPLICATE_METHOD_MATCH = YES;
				CODE_SIGN_IDENTITY = "iPhone Developer";
				COPY_PHASE_STRIP = NO;
				DEBUG_INFORMATION_FORMAT = dwarf;
				ENABLE_STRICT_OBJC_MSGSEND = YES;
				ENABLE_TESTABILITY = YES;
				GCC_C_LANGUAGE_STANDARD = gnu11;
				GCC_DYNAMIC_NO_PIC = NO;
				GCC_NO_COMMON_BLOCKS = YES;
				GCC_OPTIMIZATION_LEVEL = 0;
				GCC_PREPROCESSOR_DEFINITIONS = (
					"DEBUG=1",
					"$(inherited)",
				);
				GCC_WARN_64_TO_32_BIT_CONVERSION = YES;
				GCC_WARN_ABOUT_RETURN_TYPE = YES_ERROR;
				GCC_WARN_UNDECLARED_SELECTOR = YES;
				GCC_WARN_UNINITIALIZED_AUTOS = YES_AGGRESSIVE;
				GCC_WARN_UNUSED_FUNCTION = YES;
				GCC_WARN_UNUSED_VARIABLE = YES;
				IPHONEOS_DEPLOYMENT_TARGET = 9.0;
				MTL_ENABLE_DEBUG_INFO = YES;
				ONLY_ACTIVE_ARCH = YES;
				SDKROOT = iphoneos;
				SWIFT_ACTIVE_COMPILATION_CONDITIONS = DEBUG;
				SWIFT_OPTIMIZATION_LEVEL = "-Onone";
			};
			name = Debug;
		};
		023BCF042085DB3D0097E130 /* Release */ = {
			isa = XCBuildConfiguration;
			buildSettings = {
				ALWAYS_SEARCH_USER_PATHS = NO;
				CLANG_ANALYZER_LOCALIZABILITY_NONLOCALIZED = YES;
				CLANG_ANALYZER_NONNULL = YES;
				CLANG_ANALYZER_NUMBER_OBJECT_CONVERSION = YES_AGGRESSIVE;
				CLANG_CXX_LANGUAGE_STANDARD = "gnu++14";
				CLANG_CXX_LIBRARY = "libc++";
				CLANG_ENABLE_MODULES = YES;
				CLANG_ENABLE_OBJC_ARC = YES;
				CLANG_WARN_BLOCK_CAPTURE_AUTORELEASING = YES;
				CLANG_WARN_BOOL_CONVERSION = YES;
				CLANG_WARN_COMMA = YES;
				CLANG_WARN_CONSTANT_CONVERSION = YES;
				CLANG_WARN_DIRECT_OBJC_ISA_USAGE = YES_ERROR;
				CLANG_WARN_DOCUMENTATION_COMMENTS = YES;
				CLANG_WARN_EMPTY_BODY = YES;
				CLANG_WARN_ENUM_CONVERSION = YES;
				CLANG_WARN_INFINITE_RECURSION = YES;
				CLANG_WARN_INT_CONVERSION = YES;
				CLANG_WARN_NON_LITERAL_NULL_CONVERSION = YES;
				CLANG_WARN_OBJC_LITERAL_CONVERSION = YES;
				CLANG_WARN_OBJC_ROOT_CLASS = YES_ERROR;
				CLANG_WARN_RANGE_LOOP_ANALYSIS = YES;
				CLANG_WARN_STRICT_PROTOTYPES = YES;
				CLANG_WARN_SUSPICIOUS_MOVE = YES;
				CLANG_WARN_UNGUARDED_AVAILABILITY = YES_AGGRESSIVE;
				CLANG_WARN_UNREACHABLE_CODE = YES;
				CLANG_WARN__DUPLICATE_METHOD_MATCH = YES;
				CODE_SIGN_IDENTITY = "iPhone Developer";
				COPY_PHASE_STRIP = NO;
				DEBUG_INFORMATION_FORMAT = "dwarf-with-dsym";
				ENABLE_NS_ASSERTIONS = NO;
				ENABLE_STRICT_OBJC_MSGSEND = YES;
				GCC_C_LANGUAGE_STANDARD = gnu11;
				GCC_NO_COMMON_BLOCKS = YES;
				GCC_WARN_64_TO_32_BIT_CONVERSION = YES;
				GCC_WARN_ABOUT_RETURN_TYPE = YES_ERROR;
				GCC_WARN_UNDECLARED_SELECTOR = YES;
				GCC_WARN_UNINITIALIZED_AUTOS = YES_AGGRESSIVE;
				GCC_WARN_UNUSED_FUNCTION = YES;
				GCC_WARN_UNUSED_VARIABLE = YES;
				IPHONEOS_DEPLOYMENT_TARGET = 9.0;
				MTL_ENABLE_DEBUG_INFO = NO;
				SDKROOT = iphoneos;
				SWIFT_OPTIMIZATION_LEVEL = "-Owholemodule";
				VALIDATE_PRODUCT = YES;
			};
			name = Release;
		};
		023BCF062085DB3D0097E130 /* Debug */ = {
			isa = XCBuildConfiguration;
			baseConfigurationReference = 7990223057431AD44E10C326 /* Pods-PT-FetchDemo.debug.xcconfig */;
			buildSettings = {
				ASSETCATALOG_COMPILER_APPICON_NAME = AppIcon;
				CODE_SIGN_STYLE = Automatic;
				DEVELOPMENT_TEAM = 5H9NQ9S952;
				INFOPLIST_FILE = "PT-FetchDemo/Info.plist";
				LD_RUNPATH_SEARCH_PATHS = "$(inherited) @executable_path/Frameworks";
				PRODUCT_BUNDLE_IDENTIFIER = "pt.PT-FetchDemo";
				PRODUCT_NAME = "$(TARGET_NAME)";
				SWIFT_VERSION = 4.0;
				TARGETED_DEVICE_FAMILY = "1,2";
			};
			name = Debug;
		};
		023BCF072085DB3D0097E130 /* Release */ = {
			isa = XCBuildConfiguration;
			baseConfigurationReference = 0FF1C46AC68372CD8F249152 /* Pods-PT-FetchDemo.release.xcconfig */;
			buildSettings = {
				ASSETCATALOG_COMPILER_APPICON_NAME = AppIcon;
				CODE_SIGN_STYLE = Automatic;
				DEVELOPMENT_TEAM = 5H9NQ9S952;
				INFOPLIST_FILE = "PT-FetchDemo/Info.plist";
				LD_RUNPATH_SEARCH_PATHS = "$(inherited) @executable_path/Frameworks";
				PRODUCT_BUNDLE_IDENTIFIER = "pt.PT-FetchDemo";
				PRODUCT_NAME = "$(TARGET_NAME)";
				SWIFT_VERSION = 4.0;
				TARGETED_DEVICE_FAMILY = "1,2";
			};
			name = Release;
		};
/* End XCBuildConfiguration section */

/* Begin XCConfigurationList section */
		023BCEEE2085DB3D0097E130 /* Build configuration list for PBXProject "PT-FetchDemo" */ = {
			isa = XCConfigurationList;
			buildConfigurations = (
				023BCF032085DB3D0097E130 /* Debug */,
				023BCF042085DB3D0097E130 /* Release */,
			);
			defaultConfigurationIsVisible = 0;
			defaultConfigurationName = Release;
		};
		023BCF052085DB3D0097E130 /* Build configuration list for PBXNativeTarget "PT-FetchDemo" */ = {
			isa = XCConfigurationList;
			buildConfigurations = (
				023BCF062085DB3D0097E130 /* Debug */,
				023BCF072085DB3D0097E130 /* Release */,
			);
			defaultConfigurationIsVisible = 0;
			defaultConfigurationName = Release;
		};
/* End XCConfigurationList section */
	};
	rootObject = 023BCEEB2085DB3D0097E130 /* Project object */;
}
