PODS:
  - Alamofire (4.7.3)
  - PTFetch (0.0.1):
    - Alamofire

DEPENDENCIES:
  - PTFetch (from `../`)

SPEC REPOS:
  https://github.com/cocoapods/specs.git:
    - Alamofire

EXTERNAL SOURCES:
  PTFetch:
    :git: "../"

CHECKOUT OPTIONS:
  PTFetch:
    :commit: 4f6fd494c9476785aa619b5e849e1b639309a553
    :git: "../"

SPEC CHECKSUMS:
  Alamofire: c7287b6e5d7da964a70935e5db17046b7fde6568
  PTFetch: cc25574ef27e9c65e2a753f9df4d99e8a16626d8

PODFILE CHECKSUM: e7701be53b2a538afd1404faf35f7aad223dd1ad

COCOAPODS: 1.5.3
